
Microsoft Visual Studio Solution File, Format Version 12.00
# Visual Studio 15
Project("{FAE04EC0-301F-11D3-BF4B-00C04F79EFBC}") = "阿拉德传说(毕业设计)", "阿拉德传说(毕业设计).csproj", "{292FCBD5-02B4-120E-A76E-7543DCC9BABC}"
EndProject
Project("{FAE04EC0-301F-11D3-BF4B-00C04F79EFBC}") = "阿拉德传说(毕业设计).Editor", "阿拉德传说(毕业设计).Editor.csproj", "{8F9E8A14-E05F-E9BF-8F89-5956D58FF8F7}"
EndProject
Global
	GlobalSection(SolutionConfigurationPlatforms) = preSolution
		Debug|Any CPU = Debug|Any CPU
		Release|Any CPU = Release|Any CPU
	EndGlobalSection
	GlobalSection(ProjectConfigurationPlatforms) = postSolution
		{292FCBD5-02B4-120E-A76E-7543DCC9BABC}.Debug|Any CPU.ActiveCfg = Debug|Any CPU
		{292FCBD5-02B4-120E-A76E-7543DCC9BABC}.Debug|Any CPU.Build.0 = Debug|Any CPU
		{292FCBD5-02B4-120E-A76E-7543DCC9BABC}.Release|Any CPU.ActiveCfg = Release|Any CPU
		{292FCBD5-02B4-120E-A76E-7543DCC9BABC}.Release|Any CPU.Build.0 = Release|Any CPU
		{8F9E8A14-E05F-E9BF-8F89-5956D58FF8F7}.Debug|Any CPU.ActiveCfg = Debug|Any CPU
		{8F9E8A14-E05F-E9BF-8F89-5956D58FF8F7}.Debug|Any CPU.Build.0 = Debug|Any CPU
		{8F9E8A14-E05F-E9BF-8F89-5956D58FF8F7}.Release|Any CPU.ActiveCfg = Release|Any CPU
		{8F9E8A14-E05F-E9BF-8F89-5956D58FF8F7}.Release|Any CPU.Build.0 = Release|Any CPU
	EndGlobalSection
	GlobalSection(SolutionProperties) = preSolution
		HideSolutionNode = FALSE
	EndGlobalSection
EndGlobal
